// !$*UTF8*$!
{
	archiveVersion = 1;
	classes = {
	};
	objectVersion = 46;
	objects = {

/* Begin PBXBuildFile section */
		1407F25B1ADEFABB00AEC2B3 /* CLIColor.m in Sources */ = {isa = PBXBuildFile; fileRef = 1407F2411ADEFABB00AEC2B3 /* CLIColor.m */; };
		1407F25D1ADEFABB00AEC2B3 /* DDAbstractDatabaseLogger.m in Sources */ = {isa = PBXBuildFile; fileRef = 1407F2451ADEFABB00AEC2B3 /* DDAbstractDatabaseLogger.m */; };
		1407F25E1ADEFABB00AEC2B3 /* DDASLLogCapture.m in Sources */ = {isa = PBXBuildFile; fileRef = 1407F2471ADEFABB00AEC2B3 /* DDASLLogCapture.m */; };
		1407F25F1ADEFABB00AEC2B3 /* DDASLLogger.m in Sources */ = {isa = PBXBuildFile; fileRef = 1407F2491ADEFABB00AEC2B3 /* DDASLLogger.m */; };
		1407F2601ADEFABB00AEC2B3 /* DDFileLogger.m in Sources */ = {isa = PBXBuildFile; fileRef = 1407F24C1ADEFABB00AEC2B3 /* DDFileLogger.m */; };
		1407F2611ADEFABB00AEC2B3 /* DDLog.m in Sources */ = {isa = PBXBuildFile; fileRef = 1407F24F1ADEFABB00AEC2B3 /* DDLog.m */; };
		1407F2621ADEFABB00AEC2B3 /* DDTTYLogger.m in Sources */ = {isa = PBXBuildFile; fileRef = 1407F2531ADEFABB00AEC2B3 /* DDTTYLogger.m */; };
		1407F2631ADEFABB00AEC2B3 /* DDContextFilterLogFormatter.m in Sources */ = {isa = PBXBuildFile; fileRef = 1407F2561ADEFABB00AEC2B3 /* DDContextFilterLogFormatter.m */; };
		1407F2641ADEFABB00AEC2B3 /* DDDispatchQueueLogFormatter.m in Sources */ = {isa = PBXBuildFile; fileRef = 1407F2581ADEFABB00AEC2B3 /* DDDispatchQueueLogFormatter.m */; };
		1407F2651ADEFABB00AEC2B3 /* DDMultiFormatter.m in Sources */ = {isa = PBXBuildFile; fileRef = 1407F25A1ADEFABB00AEC2B3 /* DDMultiFormatter.m */; };
		144442A01AEBDCA1000CE97A /* JRSwizzle.m in Sources */ = {isa = PBXBuildFile; fileRef = 1444429F1AEBDCA1000CE97A /* JRSwizzle.m */; };
		14464E251ADF08050085D1C9 /* XCFLogFileManager.m in Sources */ = {isa = PBXBuildFile; fileRef = 14464E241ADF08050085D1C9 /* XCFLogFileManager.m */; };
		14464E2B1ADF0A3D0085D1C9 /* XCFLoggingUtilities.m in Sources */ = {isa = PBXBuildFile; fileRef = 14464E2A1ADF0A3D0085D1C9 /* XCFLoggingUtilities.m */; };
		14626CD618832E5100F5B23F /* XCFPreferencesWindowController.m in Sources */ = {isa = PBXBuildFile; fileRef = 14626CD318832E5100F5B23F /* XCFPreferencesWindowController.m */; };
		147572B9188BFEED00B3AF8D /* XCFClangFormatter.m in Sources */ = {isa = PBXBuildFile; fileRef = 147572B8188BFEED00B3AF8D /* XCFClangFormatter.m */; };
		147572BC188BFF0100B3AF8D /* XCFUncrustifyFormatter.m in Sources */ = {isa = PBXBuildFile; fileRef = 147572BB188BFF0100B3AF8D /* XCFUncrustifyFormatter.m */; };
		147572CB188C01AA00B3AF8D /* CFOFormatter.m in Sources */ = {isa = PBXBuildFile; fileRef = 147572C6188C01AA00B3AF8D /* CFOFormatter.m */; };
		147572CC188C01AA00B3AF8D /* CFOClangFormatter.m in Sources */ = {isa = PBXBuildFile; fileRef = 147572C8188C01AA00B3AF8D /* CFOClangFormatter.m */; };
		147572CD188C01AA00B3AF8D /* CFOUncrustifyFormatter.m in Sources */ = {isa = PBXBuildFile; fileRef = 147572CA188C01AA00B3AF8D /* CFOUncrustifyFormatter.m */; };
		1486F51D188C06AF003483D5 /* clang-format in Resources */ = {isa = PBXBuildFile; fileRef = 1486F51C188C06AF003483D5 /* clang-format */; };
		14887AD51A90133B001B332A /* DiffMatchPatch.m in Sources */ = {isa = PBXBuildFile; fileRef = 14887AC81A90133B001B332A /* DiffMatchPatch.m */; };
		14887AD61A90133B001B332A /* DiffMatchPatchCFUtilities.c in Sources */ = {isa = PBXBuildFile; fileRef = 14887AC91A90133B001B332A /* DiffMatchPatchCFUtilities.c */; };
		14887AD71A90133B001B332A /* NSMutableDictionary+DMPExtensions.m in Sources */ = {isa = PBXBuildFile; fileRef = 14887ACE1A90133B001B332A /* NSMutableDictionary+DMPExtensions.m */; };
		14887AD81A90133B001B332A /* NSString+JavaSubstring.m in Sources */ = {isa = PBXBuildFile; fileRef = 14887AD01A90133B001B332A /* NSString+JavaSubstring.m */; };
		14887AD91A90133B001B332A /* NSString+UnicharUtilities.m in Sources */ = {isa = PBXBuildFile; fileRef = 14887AD21A90133B001B332A /* NSString+UnicharUtilities.m */; };
		14887ADA1A90133B001B332A /* NSString+UriCompatibility.m in Sources */ = {isa = PBXBuildFile; fileRef = 14887AD41A90133B001B332A /* NSString+UriCompatibility.m */; };
		149F2D5C183C073700DFB8CC /* XCFPlugin.m in Sources */ = {isa = PBXBuildFile; fileRef = DA37E2DB0E6291C8001BDFEF /* XCFPlugin.m */; };
		149F2D5E183C073700DFB8CC /* XCFXcodeFormatter.m in Sources */ = {isa = PBXBuildFile; fileRef = 141251A116F4AA8600A18D23 /* XCFXcodeFormatter.m */; };
		149F2D61183C073700DFB8CC /* AppKit.framework in Frameworks */ = {isa = PBXBuildFile; fileRef = 1435669716FD0E0400FECDEB /* AppKit.framework */; };
		149F2D62183C073700DFB8CC /* Cocoa.framework in Frameworks */ = {isa = PBXBuildFile; fileRef = 1435669516FD0E0000FECDEB /* Cocoa.framework */; };
		149F2D63183C073700DFB8CC /* Foundation.framework in Frameworks */ = {isa = PBXBuildFile; fileRef = 089C1672FE841209C02AAC07 /* Foundation.framework */; };
		149F2D64183C073700DFB8CC /* DVTKit.framework in Frameworks */ = {isa = PBXBuildFile; fileRef = 14617B2F16FD9BDB00C7C91B /* DVTKit.framework */; };
		149F2D65183C073700DFB8CC /* DVTFoundation.framework in Frameworks */ = {isa = PBXBuildFile; fileRef = 14617B3016FD9BDB00C7C91B /* DVTFoundation.framework */; };
		149F2D66183C073700DFB8CC /* IDEFoundation.framework in Frameworks */ = {isa = PBXBuildFile; fileRef = 14617B3116FD9BDB00C7C91B /* IDEFoundation.framework */; };
		149F2D67183C073700DFB8CC /* IDEKit.framework in Frameworks */ = {isa = PBXBuildFile; fileRef = 14617B3216FD9BDB00C7C91B /* IDEKit.framework */; };
		149F2D6B183C073700DFB8CC /* uncrustify in Resources */ = {isa = PBXBuildFile; fileRef = 14CE84D916F49A02008082AB /* uncrustify */; };
		149F2D6D183C073700DFB8CC /* icon.icns in Resources */ = {isa = PBXBuildFile; fileRef = 147264371711732F002BC0BE /* icon.icns */; };
		14A54E55188AF61900B154C6 /* XCFFormatterUtilities.m in Sources */ = {isa = PBXBuildFile; fileRef = 14A54E54188AF61900B154C6 /* XCFFormatterUtilities.m */; };
		14BEA1C1188F0EC2000CC52B /* NSDocument+XCFAdditions.m in Sources */ = {isa = PBXBuildFile; fileRef = 14BEA1C0188F0EC2000CC52B /* NSDocument+XCFAdditions.m */; };
		14D323C21884980B00AB663E /* XCFDefaults.m in Sources */ = {isa = PBXBuildFile; fileRef = 14D323C01884980500AB663E /* XCFDefaults.m */; };
		5AE7611D19D22E6600DF8FDA /* XCFPreferencesWindowController.xib in Resources */ = {isa = PBXBuildFile; fileRef = 147572C3188C012900B3AF8D /* XCFPreferencesWindowController.xib */; };
/* End PBXBuildFile section */

/* Begin PBXCopyFilesBuildPhase section */
		149F2D6E183C073700DFB8CC /* Copy Frameworks */ = {
			isa = PBXCopyFilesBuildPhase;
			buildActionMask = 2147483647;
			dstPath = "";
			dstSubfolderSpec = 10;
			files = (
			);
			name = "Copy Frameworks";
			runOnlyForDeploymentPostprocessing = 0;
		};
/* End PBXCopyFilesBuildPhase section */

/* Begin PBXFileReference section */
		089C1672FE841209C02AAC07 /* Foundation.framework */ = {isa = PBXFileReference; lastKnownFileType = wrapper.framework; name = Foundation.framework; path = /System/Library/Frameworks/Foundation.framework; sourceTree = "<absolute>"; };
		1407F2401ADEFABB00AEC2B3 /* CLIColor.h */ = {isa = PBXFileReference; fileEncoding = 4; lastKnownFileType = sourcecode.c.h; path = CLIColor.h; sourceTree = "<group>"; };
		1407F2411ADEFABB00AEC2B3 /* CLIColor.m */ = {isa = PBXFileReference; fileEncoding = 4; lastKnownFileType = sourcecode.c.objc; path = CLIColor.m; sourceTree = "<group>"; };
		1407F2421ADEFABB00AEC2B3 /* CocoaLumberjack.h */ = {isa = PBXFileReference; fileEncoding = 4; lastKnownFileType = sourcecode.c.h; path = CocoaLumberjack.h; sourceTree = "<group>"; };
		1407F2441ADEFABB00AEC2B3 /* DDAbstractDatabaseLogger.h */ = {isa = PBXFileReference; fileEncoding = 4; lastKnownFileType = sourcecode.c.h; path = DDAbstractDatabaseLogger.h; sourceTree = "<group>"; };
		1407F2451ADEFABB00AEC2B3 /* DDAbstractDatabaseLogger.m */ = {isa = PBXFileReference; fileEncoding = 4; lastKnownFileType = sourcecode.c.objc; path = DDAbstractDatabaseLogger.m; sourceTree = "<group>"; };
		1407F2461ADEFABB00AEC2B3 /* DDASLLogCapture.h */ = {isa = PBXFileReference; fileEncoding = 4; lastKnownFileType = sourcecode.c.h; path = DDASLLogCapture.h; sourceTree = "<group>"; };
		1407F2471ADEFABB00AEC2B3 /* DDASLLogCapture.m */ = {isa = PBXFileReference; fileEncoding = 4; lastKnownFileType = sourcecode.c.objc; path = DDASLLogCapture.m; sourceTree = "<group>"; };
		1407F2481ADEFABB00AEC2B3 /* DDASLLogger.h */ = {isa = PBXFileReference; fileEncoding = 4; lastKnownFileType = sourcecode.c.h; path = DDASLLogger.h; sourceTree = "<group>"; };
		1407F2491ADEFABB00AEC2B3 /* DDASLLogger.m */ = {isa = PBXFileReference; fileEncoding = 4; lastKnownFileType = sourcecode.c.objc; path = DDASLLogger.m; sourceTree = "<group>"; };
		1407F24A1ADEFABB00AEC2B3 /* DDAssertMacros.h */ = {isa = PBXFileReference; fileEncoding = 4; lastKnownFileType = sourcecode.c.h; path = DDAssertMacros.h; sourceTree = "<group>"; };
		1407F24B1ADEFABB00AEC2B3 /* DDFileLogger.h */ = {isa = PBXFileReference; fileEncoding = 4; lastKnownFileType = sourcecode.c.h; path = DDFileLogger.h; sourceTree = "<group>"; };
		1407F24C1ADEFABB00AEC2B3 /* DDFileLogger.m */ = {isa = PBXFileReference; fileEncoding = 4; lastKnownFileType = sourcecode.c.objc; path = DDFileLogger.m; sourceTree = "<group>"; };
		1407F24D1ADEFABB00AEC2B3 /* DDLegacyMacros.h */ = {isa = PBXFileReference; fileEncoding = 4; lastKnownFileType = sourcecode.c.h; path = DDLegacyMacros.h; sourceTree = "<group>"; };
		1407F24E1ADEFABB00AEC2B3 /* DDLog.h */ = {isa = PBXFileReference; fileEncoding = 4; lastKnownFileType = sourcecode.c.h; path = DDLog.h; sourceTree = "<group>"; };
		1407F24F1ADEFABB00AEC2B3 /* DDLog.m */ = {isa = PBXFileReference; fileEncoding = 4; lastKnownFileType = sourcecode.c.objc; path = DDLog.m; sourceTree = "<group>"; };
		1407F2501ADEFABB00AEC2B3 /* DDLog+LOGV.h */ = {isa = PBXFileReference; fileEncoding = 4; lastKnownFileType = sourcecode.c.h; path = "DDLog+LOGV.h"; sourceTree = "<group>"; };
		1407F2511ADEFABB00AEC2B3 /* DDLogMacros.h */ = {isa = PBXFileReference; fileEncoding = 4; lastKnownFileType = sourcecode.c.h; path = DDLogMacros.h; sourceTree = "<group>"; };
		1407F2521ADEFABB00AEC2B3 /* DDTTYLogger.h */ = {isa = PBXFileReference; fileEncoding = 4; lastKnownFileType = sourcecode.c.h; path = DDTTYLogger.h; sourceTree = "<group>"; };
		1407F2531ADEFABB00AEC2B3 /* DDTTYLogger.m */ = {isa = PBXFileReference; fileEncoding = 4; lastKnownFileType = sourcecode.c.objc; path = DDTTYLogger.m; sourceTree = "<group>"; };
		1407F2551ADEFABB00AEC2B3 /* DDContextFilterLogFormatter.h */ = {isa = PBXFileReference; fileEncoding = 4; lastKnownFileType = sourcecode.c.h; path = DDContextFilterLogFormatter.h; sourceTree = "<group>"; };
		1407F2561ADEFABB00AEC2B3 /* DDContextFilterLogFormatter.m */ = {isa = PBXFileReference; fileEncoding = 4; lastKnownFileType = sourcecode.c.objc; path = DDContextFilterLogFormatter.m; sourceTree = "<group>"; };
		1407F2571ADEFABB00AEC2B3 /* DDDispatchQueueLogFormatter.h */ = {isa = PBXFileReference; fileEncoding = 4; lastKnownFileType = sourcecode.c.h; path = DDDispatchQueueLogFormatter.h; sourceTree = "<group>"; };
		1407F2581ADEFABB00AEC2B3 /* DDDispatchQueueLogFormatter.m */ = {isa = PBXFileReference; fileEncoding = 4; lastKnownFileType = sourcecode.c.objc; path = DDDispatchQueueLogFormatter.m; sourceTree = "<group>"; };
		1407F2591ADEFABB00AEC2B3 /* DDMultiFormatter.h */ = {isa = PBXFileReference; fileEncoding = 4; lastKnownFileType = sourcecode.c.h; path = DDMultiFormatter.h; sourceTree = "<group>"; };
		1407F25A1ADEFABB00AEC2B3 /* DDMultiFormatter.m */ = {isa = PBXFileReference; fileEncoding = 4; lastKnownFileType = sourcecode.c.objc; path = DDMultiFormatter.m; sourceTree = "<group>"; };
		141251A116F4AA8600A18D23 /* XCFXcodeFormatter.m */ = {isa = PBXFileReference; fileEncoding = 4; lastKnownFileType = sourcecode.c.objc; path = XCFXcodeFormatter.m; sourceTree = "<group>"; };
		1435669516FD0E0000FECDEB /* Cocoa.framework */ = {isa = PBXFileReference; lastKnownFileType = wrapper.framework; name = Cocoa.framework; path = System/Library/Frameworks/Cocoa.framework; sourceTree = SDKROOT; };
		1435669716FD0E0400FECDEB /* AppKit.framework */ = {isa = PBXFileReference; lastKnownFileType = wrapper.framework; name = AppKit.framework; path = System/Library/Frameworks/AppKit.framework; sourceTree = SDKROOT; };
		1444429E1AEBDCA1000CE97A /* JRSwizzle.h */ = {isa = PBXFileReference; fileEncoding = 4; lastKnownFileType = sourcecode.c.h; path = JRSwizzle.h; sourceTree = "<group>"; };
		1444429F1AEBDCA1000CE97A /* JRSwizzle.m */ = {isa = PBXFileReference; fileEncoding = 4; lastKnownFileType = sourcecode.c.objc; path = JRSwizzle.m; sourceTree = "<group>"; };
		14464E231ADF08050085D1C9 /* XCFLogFileManager.h */ = {isa = PBXFileReference; fileEncoding = 4; lastKnownFileType = sourcecode.c.h; path = XCFLogFileManager.h; sourceTree = "<group>"; };
		14464E241ADF08050085D1C9 /* XCFLogFileManager.m */ = {isa = PBXFileReference; fileEncoding = 4; lastKnownFileType = sourcecode.c.objc; path = XCFLogFileManager.m; sourceTree = "<group>"; };
		14464E291ADF0A3D0085D1C9 /* XCFLoggingUtilities.h */ = {isa = PBXFileReference; fileEncoding = 4; lastKnownFileType = sourcecode.c.h; path = XCFLoggingUtilities.h; sourceTree = "<group>"; };
		14464E2A1ADF0A3D0085D1C9 /* XCFLoggingUtilities.m */ = {isa = PBXFileReference; fileEncoding = 4; lastKnownFileType = sourcecode.c.objc; path = XCFLoggingUtilities.m; sourceTree = "<group>"; };
		14464E2C1ADF0A890085D1C9 /* BBLogging.h */ = {isa = PBXFileReference; fileEncoding = 4; lastKnownFileType = sourcecode.c.h; path = BBLogging.h; sourceTree = "<group>"; };
		14617B2F16FD9BDB00C7C91B /* DVTKit.framework */ = {isa = PBXFileReference; lastKnownFileType = wrapper.framework; name = DVTKit.framework; path = "/Users/benoit/Desktop/BBUncrustifyPlugin-Xcode/../../../../Applications/Xcode.app/Contents/SharedFrameworks/DVTKit.framework"; sourceTree = "<absolute>"; };
		14617B3016FD9BDB00C7C91B /* DVTFoundation.framework */ = {isa = PBXFileReference; lastKnownFileType = wrapper.framework; name = DVTFoundation.framework; path = ../../../../../../../Applications/Xcode.app/Contents/SharedFrameworks/DVTFoundation.framework; sourceTree = "<group>"; };
		14617B3116FD9BDB00C7C91B /* IDEFoundation.framework */ = {isa = PBXFileReference; lastKnownFileType = wrapper.framework; name = IDEFoundation.framework; path = ../../../../../../../Applications/Xcode.app/Contents/Frameworks/IDEFoundation.framework; sourceTree = "<group>"; };
		14617B3216FD9BDB00C7C91B /* IDEKit.framework */ = {isa = PBXFileReference; lastKnownFileType = wrapper.framework; name = IDEKit.framework; path = ../../../../../../../Applications/Xcode.app/Contents/Frameworks/IDEKit.framework; sourceTree = "<group>"; };
		14626CD218832E5100F5B23F /* XCFPreferencesWindowController.h */ = {isa = PBXFileReference; fileEncoding = 4; lastKnownFileType = sourcecode.c.h; path = XCFPreferencesWindowController.h; sourceTree = "<group>"; };
		14626CD318832E5100F5B23F /* XCFPreferencesWindowController.m */ = {isa = PBXFileReference; fileEncoding = 4; lastKnownFileType = sourcecode.c.objc; path = XCFPreferencesWindowController.m; sourceTree = "<group>"; };
		147264371711732F002BC0BE /* icon.icns */ = {isa = PBXFileReference; lastKnownFileType = image.icns; path = icon.icns; sourceTree = "<group>"; };
		147572B7188BFEED00B3AF8D /* XCFClangFormatter.h */ = {isa = PBXFileReference; fileEncoding = 4; lastKnownFileType = sourcecode.c.h; path = XCFClangFormatter.h; sourceTree = "<group>"; };
		147572B8188BFEED00B3AF8D /* XCFClangFormatter.m */ = {isa = PBXFileReference; fileEncoding = 4; lastKnownFileType = sourcecode.c.objc; path = XCFClangFormatter.m; sourceTree = "<group>"; };
		147572BA188BFF0100B3AF8D /* XCFUncrustifyFormatter.h */ = {isa = PBXFileReference; fileEncoding = 4; lastKnownFileType = sourcecode.c.h; path = XCFUncrustifyFormatter.h; sourceTree = "<group>"; };
		147572BB188BFF0100B3AF8D /* XCFUncrustifyFormatter.m */ = {isa = PBXFileReference; fileEncoding = 4; lastKnownFileType = sourcecode.c.objc; path = XCFUncrustifyFormatter.m; sourceTree = "<group>"; };
		147572C3188C012900B3AF8D /* XCFPreferencesWindowController.xib */ = {isa = PBXFileReference; fileEncoding = 4; lastKnownFileType = file.xib; path = XCFPreferencesWindowController.xib; sourceTree = "<group>"; };
		147572C5188C01AA00B3AF8D /* CFOFormatter.h */ = {isa = PBXFileReference; fileEncoding = 4; lastKnownFileType = sourcecode.c.h; path = CFOFormatter.h; sourceTree = "<group>"; };
		147572C6188C01AA00B3AF8D /* CFOFormatter.m */ = {isa = PBXFileReference; fileEncoding = 4; lastKnownFileType = sourcecode.c.objc; path = CFOFormatter.m; sourceTree = "<group>"; };
		147572C7188C01AA00B3AF8D /* CFOClangFormatter.h */ = {isa = PBXFileReference; fileEncoding = 4; lastKnownFileType = sourcecode.c.h; path = CFOClangFormatter.h; sourceTree = "<group>"; };
		147572C8188C01AA00B3AF8D /* CFOClangFormatter.m */ = {isa = PBXFileReference; fileEncoding = 4; lastKnownFileType = sourcecode.c.objc; path = CFOClangFormatter.m; sourceTree = "<group>"; };
		147572C9188C01AA00B3AF8D /* CFOUncrustifyFormatter.h */ = {isa = PBXFileReference; fileEncoding = 4; lastKnownFileType = sourcecode.c.h; path = CFOUncrustifyFormatter.h; sourceTree = "<group>"; };
		147572CA188C01AA00B3AF8D /* CFOUncrustifyFormatter.m */ = {isa = PBXFileReference; fileEncoding = 4; lastKnownFileType = sourcecode.c.objc; path = CFOUncrustifyFormatter.m; sourceTree = "<group>"; };
		1486F51C188C06AF003483D5 /* clang-format */ = {isa = PBXFileReference; lastKnownFileType = "compiled.mach-o.executable"; path = "clang-format"; sourceTree = "<group>"; };
		14887AC71A90133B001B332A /* DiffMatchPatch.h */ = {isa = PBXFileReference; fileEncoding = 4; lastKnownFileType = sourcecode.c.h; path = DiffMatchPatch.h; sourceTree = "<group>"; };
		14887AC81A90133B001B332A /* DiffMatchPatch.m */ = {isa = PBXFileReference; fileEncoding = 4; lastKnownFileType = sourcecode.c.objc; path = DiffMatchPatch.m; sourceTree = "<group>"; };
		14887AC91A90133B001B332A /* DiffMatchPatchCFUtilities.c */ = {isa = PBXFileReference; fileEncoding = 4; lastKnownFileType = sourcecode.c.c; path = DiffMatchPatchCFUtilities.c; sourceTree = "<group>"; };
		14887ACA1A90133B001B332A /* DiffMatchPatchCFUtilities.h */ = {isa = PBXFileReference; fileEncoding = 4; lastKnownFileType = sourcecode.c.h; path = DiffMatchPatchCFUtilities.h; sourceTree = "<group>"; };
		14887ACB1A90133B001B332A /* JXArcCompatibilityMacros.h */ = {isa = PBXFileReference; fileEncoding = 4; lastKnownFileType = sourcecode.c.h; path = JXArcCompatibilityMacros.h; sourceTree = "<group>"; };
		14887ACC1A90133B001B332A /* MinMaxMacros.h */ = {isa = PBXFileReference; fileEncoding = 4; lastKnownFileType = sourcecode.c.h; path = MinMaxMacros.h; sourceTree = "<group>"; };
		14887ACD1A90133B001B332A /* NSMutableDictionary+DMPExtensions.h */ = {isa = PBXFileReference; fileEncoding = 4; lastKnownFileType = sourcecode.c.h; path = "NSMutableDictionary+DMPExtensions.h"; sourceTree = "<group>"; };
		14887ACE1A90133B001B332A /* NSMutableDictionary+DMPExtensions.m */ = {isa = PBXFileReference; fileEncoding = 4; lastKnownFileType = sourcecode.c.objc; path = "NSMutableDictionary+DMPExtensions.m"; sourceTree = "<group>"; };
		14887ACF1A90133B001B332A /* NSString+JavaSubstring.h */ = {isa = PBXFileReference; fileEncoding = 4; lastKnownFileType = sourcecode.c.h; path = "NSString+JavaSubstring.h"; sourceTree = "<group>"; };
		14887AD01A90133B001B332A /* NSString+JavaSubstring.m */ = {isa = PBXFileReference; fileEncoding = 4; lastKnownFileType = sourcecode.c.objc; path = "NSString+JavaSubstring.m"; sourceTree = "<group>"; };
		14887AD11A90133B001B332A /* NSString+UnicharUtilities.h */ = {isa = PBXFileReference; fileEncoding = 4; lastKnownFileType = sourcecode.c.h; path = "NSString+UnicharUtilities.h"; sourceTree = "<group>"; };
		14887AD21A90133B001B332A /* NSString+UnicharUtilities.m */ = {isa = PBXFileReference; fileEncoding = 4; lastKnownFileType = sourcecode.c.objc; path = "NSString+UnicharUtilities.m"; sourceTree = "<group>"; };
		14887AD31A90133B001B332A /* NSString+UriCompatibility.h */ = {isa = PBXFileReference; fileEncoding = 4; lastKnownFileType = sourcecode.c.h; path = "NSString+UriCompatibility.h"; sourceTree = "<group>"; };
		14887AD41A90133B001B332A /* NSString+UriCompatibility.m */ = {isa = PBXFileReference; fileEncoding = 4; lastKnownFileType = sourcecode.c.objc; path = "NSString+UriCompatibility.m"; sourceTree = "<group>"; };
		149B117816F483D3000F9C01 /* XCFXcodeFormatter.h */ = {isa = PBXFileReference; fileEncoding = 4; lastKnownFileType = sourcecode.c.h; path = XCFXcodeFormatter.h; sourceTree = "<group>"; };
		149F2D72183C073700DFB8CC /* UncrustifyPlugin.xcplugin */ = {isa = PBXFileReference; explicitFileType = wrapper.cfbundle; includeInIndex = 0; path = UncrustifyPlugin.xcplugin; sourceTree = BUILT_PRODUCTS_DIR; };
		14A54E4B188AE09400B154C6 /* XCFXcodePrivate.h */ = {isa = PBXFileReference; lastKnownFileType = sourcecode.c.h; path = XCFXcodePrivate.h; sourceTree = "<group>"; };
		14A54E53188AF61900B154C6 /* XCFFormatterUtilities.h */ = {isa = PBXFileReference; fileEncoding = 4; lastKnownFileType = sourcecode.c.h; path = XCFFormatterUtilities.h; sourceTree = "<group>"; };
		14A54E54188AF61900B154C6 /* XCFFormatterUtilities.m */ = {isa = PBXFileReference; fileEncoding = 4; lastKnownFileType = sourcecode.c.objc; path = XCFFormatterUtilities.m; sourceTree = "<group>"; };
		14A54E56188AF6C800B154C6 /* XCFConstants.h */ = {isa = PBXFileReference; fileEncoding = 4; lastKnownFileType = sourcecode.c.h; path = XCFConstants.h; sourceTree = "<group>"; };
		14BEA1BF188F0EC2000CC52B /* NSDocument+XCFAdditions.h */ = {isa = PBXFileReference; fileEncoding = 4; lastKnownFileType = sourcecode.c.h; path = "NSDocument+XCFAdditions.h"; sourceTree = "<group>"; };
		14BEA1C0188F0EC2000CC52B /* NSDocument+XCFAdditions.m */ = {isa = PBXFileReference; fileEncoding = 4; lastKnownFileType = sourcecode.c.objc; path = "NSDocument+XCFAdditions.m"; sourceTree = "<group>"; };
		14CE84D916F49A02008082AB /* uncrustify */ = {isa = PBXFileReference; lastKnownFileType = "compiled.mach-o.executable"; path = uncrustify; sourceTree = "<group>"; };
		14D323BF1884980500AB663E /* XCFDefaults.h */ = {isa = PBXFileReference; fileEncoding = 4; lastKnownFileType = sourcecode.c.h; path = XCFDefaults.h; sourceTree = "<group>"; };
		14D323C01884980500AB663E /* XCFDefaults.m */ = {isa = PBXFileReference; fileEncoding = 4; lastKnownFileType = sourcecode.c.objc; path = XCFDefaults.m; sourceTree = "<group>"; };
		7F2B355F15FA59D000DB3249 /* XCFPlugin.h */ = {isa = PBXFileReference; lastKnownFileType = sourcecode.c.h; path = XCFPlugin.h; sourceTree = "<group>"; };
		8D5B49B7048680CD000E48DA /* Info.plist */ = {isa = PBXFileReference; fileEncoding = 4; lastKnownFileType = text.plist.xml; path = Info.plist; sourceTree = "<group>"; };
		DA37E2DB0E6291C8001BDFEF /* XCFPlugin.m */ = {isa = PBXFileReference; fileEncoding = 4; lastKnownFileType = sourcecode.c.objc; path = XCFPlugin.m; sourceTree = "<group>"; };
/* End PBXFileReference section */

/* Begin PBXFrameworksBuildPhase section */
		149F2D60183C073700DFB8CC /* Frameworks */ = {
			isa = PBXFrameworksBuildPhase;
			buildActionMask = 2147483647;
			files = (
				149F2D61183C073700DFB8CC /* AppKit.framework in Frameworks */,
				149F2D62183C073700DFB8CC /* Cocoa.framework in Frameworks */,
				149F2D63183C073700DFB8CC /* Foundation.framework in Frameworks */,
				149F2D64183C073700DFB8CC /* DVTKit.framework in Frameworks */,
				149F2D65183C073700DFB8CC /* DVTFoundation.framework in Frameworks */,
				149F2D66183C073700DFB8CC /* IDEFoundation.framework in Frameworks */,
				149F2D67183C073700DFB8CC /* IDEKit.framework in Frameworks */,
			);
			runOnlyForDeploymentPostprocessing = 0;
		};
/* End PBXFrameworksBuildPhase section */

/* Begin PBXGroup section */
		089C166AFE841209C02AAC07 /* QuietXcode */ = {
			isa = PBXGroup;
			children = (
				7F411B0C15FABAC6002F77B6 /* Classes */,
				14910D3F188C0CD0005497C9 /* Externals */,
				089C167CFE841241C02AAC07 /* Resources */,
				089C1671FE841209C02AAC07 /* Frameworks and Libraries */,
				19C28FB8FE9D52D311CA2CBB /* Products */,
			);
			name = QuietXcode;
			sourceTree = "<group>";
		};
		089C1671FE841209C02AAC07 /* Frameworks and Libraries */ = {
			isa = PBXGroup;
			children = (
				14617B2F16FD9BDB00C7C91B /* DVTKit.framework */,
				14617B3016FD9BDB00C7C91B /* DVTFoundation.framework */,
				14617B3116FD9BDB00C7C91B /* IDEFoundation.framework */,
				14617B3216FD9BDB00C7C91B /* IDEKit.framework */,
				1435669716FD0E0400FECDEB /* AppKit.framework */,
				1435669516FD0E0000FECDEB /* Cocoa.framework */,
				089C1672FE841209C02AAC07 /* Foundation.framework */,
			);
			name = "Frameworks and Libraries";
			sourceTree = "<group>";
		};
		089C167CFE841241C02AAC07 /* Resources */ = {
			isa = PBXGroup;
			children = (
				147572C3188C012900B3AF8D /* XCFPreferencesWindowController.xib */,
				8D5B49B7048680CD000E48DA /* Info.plist */,
				147264371711732F002BC0BE /* icon.icns */,
				14CE84D916F49A02008082AB /* uncrustify */,
				1486F51C188C06AF003483D5 /* clang-format */,
			);
			path = Resources;
			sourceTree = "<group>";
		};
		140526451ADEF1660040DF0A /* CocoaLumberjack */ = {
			isa = PBXGroup;
			children = (
				1407F23F1ADEFABB00AEC2B3 /* CLI */,
				1407F2421ADEFABB00AEC2B3 /* CocoaLumberjack.h */,
				1407F2441ADEFABB00AEC2B3 /* DDAbstractDatabaseLogger.h */,
				1407F2451ADEFABB00AEC2B3 /* DDAbstractDatabaseLogger.m */,
				1407F2461ADEFABB00AEC2B3 /* DDASLLogCapture.h */,
				1407F2471ADEFABB00AEC2B3 /* DDASLLogCapture.m */,
				1407F2481ADEFABB00AEC2B3 /* DDASLLogger.h */,
				1407F2491ADEFABB00AEC2B3 /* DDASLLogger.m */,
				1407F24A1ADEFABB00AEC2B3 /* DDAssertMacros.h */,
				1407F24B1ADEFABB00AEC2B3 /* DDFileLogger.h */,
				1407F24C1ADEFABB00AEC2B3 /* DDFileLogger.m */,
				1407F24D1ADEFABB00AEC2B3 /* DDLegacyMacros.h */,
				1407F24E1ADEFABB00AEC2B3 /* DDLog.h */,
				1407F24F1ADEFABB00AEC2B3 /* DDLog.m */,
				1407F2501ADEFABB00AEC2B3 /* DDLog+LOGV.h */,
				1407F2511ADEFABB00AEC2B3 /* DDLogMacros.h */,
				1407F2521ADEFABB00AEC2B3 /* DDTTYLogger.h */,
				1407F2531ADEFABB00AEC2B3 /* DDTTYLogger.m */,
				1407F2541ADEFABB00AEC2B3 /* Extensions */,
			);
			name = CocoaLumberjack;
			path = CocoaLumberjack/Classes;
			sourceTree = "<group>";
		};
		1407F23F1ADEFABB00AEC2B3 /* CLI */ = {
			isa = PBXGroup;
			children = (
				1407F2401ADEFABB00AEC2B3 /* CLIColor.h */,
				1407F2411ADEFABB00AEC2B3 /* CLIColor.m */,
			);
			path = CLI;
			sourceTree = "<group>";
		};
		1407F2541ADEFABB00AEC2B3 /* Extensions */ = {
			isa = PBXGroup;
			children = (
				1407F2551ADEFABB00AEC2B3 /* DDContextFilterLogFormatter.h */,
				1407F2561ADEFABB00AEC2B3 /* DDContextFilterLogFormatter.m */,
				1407F2571ADEFABB00AEC2B3 /* DDDispatchQueueLogFormatter.h */,
				1407F2581ADEFABB00AEC2B3 /* DDDispatchQueueLogFormatter.m */,
				1407F2591ADEFABB00AEC2B3 /* DDMultiFormatter.h */,
				1407F25A1ADEFABB00AEC2B3 /* DDMultiFormatter.m */,
			);
			path = Extensions;
			sourceTree = "<group>";
		};
		1444429D1AEBDC90000CE97A /* JRSwizzle */ = {
			isa = PBXGroup;
			children = (
				1444429E1AEBDCA1000CE97A /* JRSwizzle.h */,
				1444429F1AEBDCA1000CE97A /* JRSwizzle.m */,
			);
			path = JRSwizzle;
			sourceTree = "<group>";
		};
		147572B5188BFD2900B3AF8D /* CFOFormatter */ = {
			isa = PBXGroup;
			children = (
				147572C5188C01AA00B3AF8D /* CFOFormatter.h */,
				147572C6188C01AA00B3AF8D /* CFOFormatter.m */,
				147572C7188C01AA00B3AF8D /* CFOClangFormatter.h */,
				147572C8188C01AA00B3AF8D /* CFOClangFormatter.m */,
				147572C9188C01AA00B3AF8D /* CFOUncrustifyFormatter.h */,
				147572CA188C01AA00B3AF8D /* CFOUncrustifyFormatter.m */,
			);
			name = CFOFormatter;
			sourceTree = "<group>";
		};
		147572BD188BFF2900B3AF8D /* Core */ = {
			isa = PBXGroup;
			children = (
				14BEA1BF188F0EC2000CC52B /* NSDocument+XCFAdditions.h */,
				14BEA1C0188F0EC2000CC52B /* NSDocument+XCFAdditions.m */,
				14A54E4B188AE09400B154C6 /* XCFXcodePrivate.h */,
				149B117816F483D3000F9C01 /* XCFXcodeFormatter.h */,
				141251A116F4AA8600A18D23 /* XCFXcodeFormatter.m */,
				147572B7188BFEED00B3AF8D /* XCFClangFormatter.h */,
				147572B8188BFEED00B3AF8D /* XCFClangFormatter.m */,
				147572BA188BFF0100B3AF8D /* XCFUncrustifyFormatter.h */,
				147572BB188BFF0100B3AF8D /* XCFUncrustifyFormatter.m */,
				14A54E53188AF61900B154C6 /* XCFFormatterUtilities.h */,
				14A54E54188AF61900B154C6 /* XCFFormatterUtilities.m */,
			);
			name = Core;
			sourceTree = "<group>";
		};
		147572BE188BFF8C00B3AF8D /* Definitions */ = {
			isa = PBXGroup;
			children = (
				14A54E56188AF6C800B154C6 /* XCFConstants.h */,
				14D323BF1884980500AB663E /* XCFDefaults.h */,
				14D323C01884980500AB663E /* XCFDefaults.m */,
			);
			name = Definitions;
			sourceTree = "<group>";
		};
		147572C0188C004000B3AF8D /* Plugin */ = {
			isa = PBXGroup;
			children = (
				1497D7EE1ADF0B910019E1C0 /* Logger */,
				147572BE188BFF8C00B3AF8D /* Definitions */,
				147572BD188BFF2900B3AF8D /* Core */,
				7F2B355F15FA59D000DB3249 /* XCFPlugin.h */,
				DA37E2DB0E6291C8001BDFEF /* XCFPlugin.m */,
				14626CD218832E5100F5B23F /* XCFPreferencesWindowController.h */,
				14626CD318832E5100F5B23F /* XCFPreferencesWindowController.m */,
			);
			name = Plugin;
			sourceTree = "<group>";
		};
		14910D3F188C0CD0005497C9 /* Externals */ = {
			isa = PBXGroup;
			children = (
				1444429D1AEBDC90000CE97A /* JRSwizzle */,
				140526451ADEF1660040DF0A /* CocoaLumberjack */,
				14910D40188C0D11005497C9 /* google-diff-match-patch */,
			);
			path = Externals;
			sourceTree = "<group>";
		};
		14910D40188C0D11005497C9 /* google-diff-match-patch */ = {
			isa = PBXGroup;
			children = (
				14887AC71A90133B001B332A /* DiffMatchPatch.h */,
				14887AC81A90133B001B332A /* DiffMatchPatch.m */,
				14887AC91A90133B001B332A /* DiffMatchPatchCFUtilities.c */,
				14887ACA1A90133B001B332A /* DiffMatchPatchCFUtilities.h */,
				14887ACB1A90133B001B332A /* JXArcCompatibilityMacros.h */,
				14887ACC1A90133B001B332A /* MinMaxMacros.h */,
				14887ACD1A90133B001B332A /* NSMutableDictionary+DMPExtensions.h */,
				14887ACE1A90133B001B332A /* NSMutableDictionary+DMPExtensions.m */,
				14887ACF1A90133B001B332A /* NSString+JavaSubstring.h */,
				14887AD01A90133B001B332A /* NSString+JavaSubstring.m */,
				14887AD11A90133B001B332A /* NSString+UnicharUtilities.h */,
				14887AD21A90133B001B332A /* NSString+UnicharUtilities.m */,
				14887AD31A90133B001B332A /* NSString+UriCompatibility.h */,
				14887AD41A90133B001B332A /* NSString+UriCompatibility.m */,
			);
			path = "google-diff-match-patch";
			sourceTree = "<group>";
		};
		1497D7EE1ADF0B910019E1C0 /* Logger */ = {
			isa = PBXGroup;
			children = (
				14464E2C1ADF0A890085D1C9 /* BBLogging.h */,
				14464E291ADF0A3D0085D1C9 /* XCFLoggingUtilities.h */,
				14464E2A1ADF0A3D0085D1C9 /* XCFLoggingUtilities.m */,
				14464E231ADF08050085D1C9 /* XCFLogFileManager.h */,
				14464E241ADF08050085D1C9 /* XCFLogFileManager.m */,
			);
			name = Logger;
			sourceTree = "<group>";
		};
		19C28FB8FE9D52D311CA2CBB /* Products */ = {
			isa = PBXGroup;
			children = (
				149F2D72183C073700DFB8CC /* UncrustifyPlugin.xcplugin */,
			);
			name = Products;
			sourceTree = "<group>";
		};
		7F411B0C15FABAC6002F77B6 /* Classes */ = {
			isa = PBXGroup;
			children = (
				147572C0188C004000B3AF8D /* Plugin */,
				147572B5188BFD2900B3AF8D /* CFOFormatter */,
			);
			path = Classes;
			sourceTree = "<group>";
		};
/* End PBXGroup section */

/* Begin PBXNativeTarget section */
		149F2D5A183C073700DFB8CC /* BBUncrustifyPlugin */ = {
			isa = PBXNativeTarget;
			buildConfigurationList = 149F2D70183C073700DFB8CC /* Build configuration list for PBXNativeTarget "BBUncrustifyPlugin" */;
			buildPhases = (
				149F2D5B183C073700DFB8CC /* Sources */,
				149F2D60183C073700DFB8CC /* Frameworks */,
				149F2D69183C073700DFB8CC /* Resources */,
				149F2D6E183C073700DFB8CC /* Copy Frameworks */,
			);
			buildRules = (
			);
			dependencies = (
			);
			name = BBUncrustifyPlugin;
			productInstallPath = "$(HOME)/Library/Bundles";
			productName = QuietXcode;
			productReference = 149F2D72183C073700DFB8CC /* UncrustifyPlugin.xcplugin */;
			productType = "com.apple.product-type.bundle";
		};
/* End PBXNativeTarget section */

/* Begin PBXProject section */
		089C1669FE841209C02AAC07 /* Project object */ = {
			isa = PBXProject;
			attributes = {
				LastUpgradeCheck = 0600;
			};
			buildConfigurationList = 1DEB913E08733D840010E9CD /* Build configuration list for PBXProject "BBUncrustifyPlugin" */;
			compatibilityVersion = "Xcode 3.2";
			developmentRegion = English;
			hasScannedForEncodings = 1;
			knownRegions = (
				English,
				Japanese,
				French,
				German,
			);
			mainGroup = 089C166AFE841209C02AAC07 /* QuietXcode */;
			projectDirPath = "";
			projectRoot = "";
			targets = (
				149F2D5A183C073700DFB8CC /* BBUncrustifyPlugin */,
			);
		};
/* End PBXProject section */

/* Begin PBXResourcesBuildPhase section */
		149F2D69183C073700DFB8CC /* Resources */ = {
			isa = PBXResourcesBuildPhase;
			buildActionMask = 2147483647;
			files = (
				5AE7611D19D22E6600DF8FDA /* XCFPreferencesWindowController.xib in Resources */,
				1486F51D188C06AF003483D5 /* clang-format in Resources */,
				149F2D6B183C073700DFB8CC /* uncrustify in Resources */,
				149F2D6D183C073700DFB8CC /* icon.icns in Resources */,
			);
			runOnlyForDeploymentPostprocessing = 0;
		};
/* End PBXResourcesBuildPhase section */

/* Begin PBXSourcesBuildPhase section */
		149F2D5B183C073700DFB8CC /* Sources */ = {
			isa = PBXSourcesBuildPhase;
			buildActionMask = 2147483647;
			files = (
				149F2D5C183C073700DFB8CC /* XCFPlugin.m in Sources */,
				1407F2601ADEFABB00AEC2B3 /* DDFileLogger.m in Sources */,
				14D323C21884980B00AB663E /* XCFDefaults.m in Sources */,
				14A54E55188AF61900B154C6 /* XCFFormatterUtilities.m in Sources */,
				14887ADA1A90133B001B332A /* NSString+UriCompatibility.m in Sources */,
				1407F2621ADEFABB00AEC2B3 /* DDTTYLogger.m in Sources */,
				1407F2631ADEFABB00AEC2B3 /* DDContextFilterLogFormatter.m in Sources */,
				1407F25F1ADEFABB00AEC2B3 /* DDASLLogger.m in Sources */,
				1407F2611ADEFABB00AEC2B3 /* DDLog.m in Sources */,
				147572CB188C01AA00B3AF8D /* CFOFormatter.m in Sources */,
				147572B9188BFEED00B3AF8D /* XCFClangFormatter.m in Sources */,
				14626CD618832E5100F5B23F /* XCFPreferencesWindowController.m in Sources */,
				1407F25D1ADEFABB00AEC2B3 /* DDAbstractDatabaseLogger.m in Sources */,
				149F2D5E183C073700DFB8CC /* XCFXcodeFormatter.m in Sources */,
				14887AD61A90133B001B332A /* DiffMatchPatchCFUtilities.c in Sources */,
				14887AD71A90133B001B332A /* NSMutableDictionary+DMPExtensions.m in Sources */,
				144442A01AEBDCA1000CE97A /* JRSwizzle.m in Sources */,
				1407F2651ADEFABB00AEC2B3 /* DDMultiFormatter.m in Sources */,
				1407F2641ADEFABB00AEC2B3 /* DDDispatchQueueLogFormatter.m in Sources */,
				1407F25B1ADEFABB00AEC2B3 /* CLIColor.m in Sources */,
				14464E2B1ADF0A3D0085D1C9 /* XCFLoggingUtilities.m in Sources */,
				14887AD51A90133B001B332A /* DiffMatchPatch.m in Sources */,
				14464E251ADF08050085D1C9 /* XCFLogFileManager.m in Sources */,
				14887AD91A90133B001B332A /* NSString+UnicharUtilities.m in Sources */,
				147572CC188C01AA00B3AF8D /* CFOClangFormatter.m in Sources */,
				14887AD81A90133B001B332A /* NSString+JavaSubstring.m in Sources */,
				1407F25E1ADEFABB00AEC2B3 /* DDASLLogCapture.m in Sources */,
				14BEA1C1188F0EC2000CC52B /* NSDocument+XCFAdditions.m in Sources */,
				147572BC188BFF0100B3AF8D /* XCFUncrustifyFormatter.m in Sources */,
				147572CD188C01AA00B3AF8D /* CFOUncrustifyFormatter.m in Sources */,
			);
			runOnlyForDeploymentPostprocessing = 0;
		};
/* End PBXSourcesBuildPhase section */

/* Begin XCBuildConfiguration section */
		14125330183D4E0600EB7149 /* Release */ = {
			isa = XCBuildConfiguration;
			buildSettings = {
				CLANG_CXX_LANGUAGE_STANDARD = "gnu++0x";
				CLANG_CXX_LIBRARY = "libc++";
				CLANG_WARN_BOOL_CONVERSION = YES;
				CLANG_WARN_CONSTANT_CONVERSION = YES;
				CLANG_WARN_DIRECT_OBJC_ISA_USAGE = YES_ERROR;
				CLANG_WARN_EMPTY_BODY = YES;
				CLANG_WARN_ENUM_CONVERSION = YES;
				CLANG_WARN_INT_CONVERSION = YES;
				CLANG_WARN_OBJC_ROOT_CLASS = YES_ERROR;
				CLANG_WARN__DUPLICATE_METHOD_MATCH = YES;
				CODE_SIGN_IDENTITY = "Developer ID Application";
				DEBUG_INFORMATION_FORMAT = "dwarf-with-dsym";
				ENABLE_NS_ASSERTIONS = NO;
				GCC_C_LANGUAGE_STANDARD = gnu99;
				GCC_ENABLE_OBJC_EXCEPTIONS = YES;
				GCC_PREPROCESSOR_DEFINITIONS = "$(inherited)";
				GCC_WARN_64_TO_32_BIT_CONVERSION = YES;
				GCC_WARN_ABOUT_RETURN_TYPE = YES_ERROR;
				GCC_WARN_UNDECLARED_SELECTOR = YES;
				GCC_WARN_UNINITIALIZED_AUTOS = YES;
				GCC_WARN_UNUSED_FUNCTION = YES;
				GCC_WARN_UNUSED_VARIABLE = YES;
				INSTALL_PATH = "$(HOME)/Library/Application Support/Developer/Shared/Xcode/Plug-ins";
				MACOSX_DEPLOYMENT_TARGET = 10.7;
				PRODUCT_NAME = UncrustifyPlugin;
			};
			name = Release;
		};
		14125332183D4E0600EB7149 /* Release */ = {
			isa = XCBuildConfiguration;
			buildSettings = {
				ALWAYS_SEARCH_USER_PATHS = NO;
				CLANG_ENABLE_MODULES = YES;
				CLANG_ENABLE_OBJC_ARC = YES;
				COMBINE_HIDPI_IMAGES = YES;
				DEPLOYMENT_LOCATION = YES;
				DEPLOYMENT_POSTPROCESSING = YES;
				DSTROOT = "$(HOME)";
				FRAMEWORK_SEARCH_PATHS = (
					"$(inherited)",
					"\"$(SYSTEM_APPS_DIR)/Xcode.app/Contents/SharedFrameworks\"",
					"\"$(SYSTEM_APPS_DIR)/Xcode.app/Contents/Frameworks\"",
					"$(SRCROOT)",
					"$(LOCAL_LIBRARY_DIR)/Frameworks",
					"$(PROJECT_DIR)",
					"$(PROJECT_DIR)/Externals",
				);
				GCC_PREPROCESSOR_DEFINITIONS = "$(inherited)";
				HEADER_SEARCH_PATHS = (
					"$(inherited)",
					"/Applications/Xcode51-Beta3.app/Contents/Developer/Toolchains/XcodeDefault.xctoolchain/usr/include",
				);
				INFOPLIST_FILE = Resources/Info.plist;
				INSTALL_PATH = "/Library/Application Support/Developer/Shared/Xcode/Plug-ins";
				LD_RUNPATH_SEARCH_PATHS = /Developer;
				MACOSX_DEPLOYMENT_TARGET = 10.8;
				OTHER_CFLAGS = "";
				PRODUCT_NAME = UncrustifyPlugin;
				WRAPPER_EXTENSION = xcplugin;
			};
			name = Release;
		};
		149F2D71183C073700DFB8CC /* Debug */ = {
			isa = XCBuildConfiguration;
			buildSettings = {
				ALWAYS_SEARCH_USER_PATHS = NO;
				CLANG_ENABLE_MODULES = YES;
				CLANG_ENABLE_OBJC_ARC = YES;
				COMBINE_HIDPI_IMAGES = YES;
				DEPLOYMENT_LOCATION = YES;
				DEPLOYMENT_POSTPROCESSING = YES;
				DSTROOT = "$(HOME)";
				FRAMEWORK_SEARCH_PATHS = (
					"$(inherited)",
					"\"$(SYSTEM_APPS_DIR)/Xcode.app/Contents/SharedFrameworks\"",
					"\"$(SYSTEM_APPS_DIR)/Xcode.app/Contents/Frameworks\"",
					"$(SRCROOT)",
					"$(LOCAL_LIBRARY_DIR)/Frameworks",
					"$(PROJECT_DIR)",
					"$(PROJECT_DIR)/Externals",
				);
				GCC_PREPROCESSOR_DEFINITIONS = (
					"DEBUG=1",
					"$(inherited)",
				);
				HEADER_SEARCH_PATHS = (
					"$(inherited)",
					"/Applications/Xcode51-Beta3.app/Contents/Developer/Toolchains/XcodeDefault.xctoolchain/usr/include",
				);
				INFOPLIST_FILE = Resources/Info.plist;
				INSTALL_PATH = "/Library/Application Support/Developer/Shared/Xcode/Plug-ins";
				LD_RUNPATH_SEARCH_PATHS = /Developer;
				MACOSX_DEPLOYMENT_TARGET = 10.8;
				OTHER_CFLAGS = "";
				PRODUCT_NAME = UncrustifyPlugin;
				SWIFT_OPTIMIZATION_LEVEL = "-Onone";
				WRAPPER_EXTENSION = xcplugin;
			};
			name = Debug;
		};
		1DEB913F08733D840010E9CD /* Debug */ = {
			isa = XCBuildConfiguration;
			buildSettings = {
				CLANG_CXX_LANGUAGE_STANDARD = "gnu++0x";
				CLANG_CXX_LIBRARY = "libc++";
				CLANG_WARN_BOOL_CONVERSION = YES;
				CLANG_WARN_CONSTANT_CONVERSION = YES;
				CLANG_WARN_DIRECT_OBJC_ISA_USAGE = YES_ERROR;
				CLANG_WARN_EMPTY_BODY = YES;
				CLANG_WARN_ENUM_CONVERSION = YES;
				CLANG_WARN_INT_CONVERSION = YES;
				CLANG_WARN_OBJC_ROOT_CLASS = YES_ERROR;
				CLANG_WARN__DUPLICATE_METHOD_MATCH = YES;
				COPY_PHASE_STRIP = NO;
				GCC_C_LANGUAGE_STANDARD = gnu99;
				GCC_ENABLE_OBJC_EXCEPTIONS = YES;
				GCC_OPTIMIZATION_LEVEL = 0;
				GCC_PREPROCESSOR_DEFINITIONS = (
					"DEBUG=1",
					"$(inherited)",
				);
				GCC_WARN_64_TO_32_BIT_CONVERSION = YES;
				GCC_WARN_ABOUT_RETURN_TYPE = YES_ERROR;
				GCC_WARN_UNDECLARED_SELECTOR = YES;
				GCC_WARN_UNINITIALIZED_AUTOS = YES;
				GCC_WARN_UNUSED_FUNCTION = YES;
				GCC_WARN_UNUSED_VARIABLE = YES;
				INSTALL_PATH = "$(HOME)/Library/Application Support/Developer/Shared/Xcode/Plug-ins";
				MACOSX_DEPLOYMENT_TARGET = 10.7;
				ONLY_ACTIVE_ARCH = YES;
				PRODUCT_NAME = UncrustifyPlugin;
			};
			name = Debug;
		};
/* End XCBuildConfiguration section */

/* Begin XCConfigurationList section */
		149F2D70183C073700DFB8CC /* Build configuration list for PBXNativeTarget "BBUncrustifyPlugin" */ = {
			isa = XCConfigurationList;
			buildConfigurations = (
				149F2D71183C073700DFB8CC /* Debug */,
				14125332183D4E0600EB7149 /* Release */,
			);
			defaultConfigurationIsVisible = 0;
			defaultConfigurationName = Debug;
		};
		1DEB913E08733D840010E9CD /* Build configuration list for PBXProject "BBUncrustifyPlugin" */ = {
			isa = XCConfigurationList;
			buildConfigurations = (
				1DEB913F08733D840010E9CD /* Debug */,
				14125330183D4E0600EB7149 /* Release */,
			);
			defaultConfigurationIsVisible = 0;
			defaultConfigurationName = Debug;
		};
/* End XCConfigurationList section */
	};
	rootObject = 089C1669FE841209C02AAC07 /* Project object */;
}
